// !$*UTF8*$!
{
	archiveVersion = 1;
	classes = {
	};
	objectVersion = 50;
	objects = {

/* Begin PBXBuildFile section */
		89DD63702132AE5C0038DC5E /* AccountSettings.storyboard in Resources */ = {isa = PBXBuildFile; fileRef = 89DD636F2132AE5C0038DC5E /* AccountSettings.storyboard */; };
		89DD63722132B3530038DC5E /* AccountSettingsTableViewController.swift in Sources */ = {isa = PBXBuildFile; fileRef = 89DD63712132B3530038DC5E /* AccountSettingsTableViewController.swift */; };
		89DD63742132D22B0038DC5E /* NotificationController.swift in Sources */ = {isa = PBXBuildFile; fileRef = 89DD63732132D22B0038DC5E /* NotificationController.swift */; };
		9708BDB3DA2AD867CE3FEBD5 /* Pods_Aysi.framework in Frameworks */ = {isa = PBXBuildFile; fileRef = 37AC88A84DFA86BACE0E869D /* Pods_Aysi.framework */; };
		BA4BEC3C212ACB0600509456 /* GoogleService-Info.plist in Resources */ = {isa = PBXBuildFile; fileRef = BA4BEC3B212ACB0600509456 /* GoogleService-Info.plist */; };
		BA7A90F6213676EE00BDE154 /* HowTo.storyboard in Resources */ = {isa = PBXBuildFile; fileRef = BA7A90F5213676EE00BDE154 /* HowTo.storyboard */; };
		BA7A90FB2136776400BDE154 /* ContentDetailViewController.swift in Sources */ = {isa = PBXBuildFile; fileRef = BA7A90F72136776300BDE154 /* ContentDetailViewController.swift */; };
		BA7A90FC2136776400BDE154 /* ContentDetailPageViewController.swift in Sources */ = {isa = PBXBuildFile; fileRef = BA7A90F82136776300BDE154 /* ContentDetailPageViewController.swift */; };
		BA7A90FD2136776400BDE154 /* ContentDetailImageViewController.swift in Sources */ = {isa = PBXBuildFile; fileRef = BA7A90F92136776300BDE154 /* ContentDetailImageViewController.swift */; };
		BA7A90FE2136776400BDE154 /* ViewController.swift in Sources */ = {isa = PBXBuildFile; fileRef = BA7A90FA2136776400BDE154 /* ViewController.swift */; };
		BA7A91042136780400BDE154 /* CollectionViewCell.swift in Sources */ = {isa = PBXBuildFile; fileRef = BA7A91022136780400BDE154 /* CollectionViewCell.swift */; };
		BA7A91052136780400BDE154 /* TableViewCell.swift in Sources */ = {isa = PBXBuildFile; fileRef = BA7A91032136780400BDE154 /* TableViewCell.swift */; };
		BA7A91082136781C00BDE154 /* ContentImages.swift in Sources */ = {isa = PBXBuildFile; fileRef = BA7A91062136781B00BDE154 /* ContentImages.swift */; };
		BA7A91092136781C00BDE154 /* HowToObject.swift in Sources */ = {isa = PBXBuildFile; fileRef = BA7A91072136781C00BDE154 /* HowToObject.swift */; };
		BA7A910B2137355100BDE154 /* MedicalRecordInitialViewController.swift in Sources */ = {isa = PBXBuildFile; fileRef = BA7A910A2137355100BDE154 /* MedicalRecordInitialViewController.swift */; };
		BA7C8FA9213420EB004F395D /* TipsPageViewController.swift in Sources */ = {isa = PBXBuildFile; fileRef = BA7C8FA8213420EB004F395D /* TipsPageViewController.swift */; };
		BA7C8FAB21342161004F395D /* TipsViewController.swift in Sources */ = {isa = PBXBuildFile; fileRef = BA7C8FAA21342161004F395D /* TipsViewController.swift */; };
		BA9D3A6B2122CA5F000BE8A4 /* Home.storyboard in Resources */ = {isa = PBXBuildFile; fileRef = BA9D3A6A2122CA5F000BE8A4 /* Home.storyboard */; };
		BA9D3A6D2122CA6D000BE8A4 /* Chart.storyboard in Resources */ = {isa = PBXBuildFile; fileRef = BA9D3A6C2122CA6D000BE8A4 /* Chart.storyboard */; };
		BA9D3A6F2122CB0A000BE8A4 /* Immunization.storyboard in Resources */ = {isa = PBXBuildFile; fileRef = BA9D3A6E2122CB0A000BE8A4 /* Immunization.storyboard */; };
		BA9D3A712122CB1D000BE8A4 /* MedicalRecord.storyboard in Resources */ = {isa = PBXBuildFile; fileRef = BA9D3A702122CB1D000BE8A4 /* MedicalRecord.storyboard */; };
		BAA4B0322122C5E4001BE550 /* AppDelegate.swift in Sources */ = {isa = PBXBuildFile; fileRef = BAA4B0312122C5E4001BE550 /* AppDelegate.swift */; };
		BAA4B0372122C5E4001BE550 /* Main.storyboard in Resources */ = {isa = PBXBuildFile; fileRef = BAA4B0352122C5E4001BE550 /* Main.storyboard */; };
		BAA4B03A2122C5E4001BE550 /* Aysi.xcdatamodeld in Sources */ = {isa = PBXBuildFile; fileRef = BAA4B0382122C5E4001BE550 /* Aysi.xcdatamodeld */; };
		BAA4B03C2122C5E6001BE550 /* Assets.xcassets in Resources */ = {isa = PBXBuildFile; fileRef = BAA4B03B2122C5E6001BE550 /* Assets.xcassets */; };
		BAA4B03F2122C5E6001BE550 /* LaunchScreen.storyboard in Resources */ = {isa = PBXBuildFile; fileRef = BAA4B03D2122C5E6001BE550 /* LaunchScreen.storyboard */; };
		BAB59CA221328FAB001581F1 /* InitialRegister.storyboard in Resources */ = {isa = PBXBuildFile; fileRef = BAB59CA021328FAB001581F1 /* InitialRegister.storyboard */; };
		BAB59CA321328FAB001581F1 /* DataBayi.storyboard in Resources */ = {isa = PBXBuildFile; fileRef = BAB59CA121328FAB001581F1 /* DataBayi.storyboard */; };
		BAB59CA721328FE9001581F1 /* DataBayiViewController.swift in Sources */ = {isa = PBXBuildFile; fileRef = BAB59CA421328FE8001581F1 /* DataBayiViewController.swift */; };
		BAB59CA821328FE9001581F1 /* HomeViewController.swift in Sources */ = {isa = PBXBuildFile; fileRef = BAB59CA521328FE8001581F1 /* HomeViewController.swift */; };
		BAB59CA921328FE9001581F1 /* InitialRegisterViewController.swift in Sources */ = {isa = PBXBuildFile; fileRef = BAB59CA621328FE8001581F1 /* InitialRegisterViewController.swift */; };
		BAC38C5621350C95007A2F91 /* GetStarted.storyboard in Resources */ = {isa = PBXBuildFile; fileRef = BAC38C5521350C95007A2F91 /* GetStarted.storyboard */; };
		BAC38C582135361E007A2F91 /* GetStartedViewController.swift in Sources */ = {isa = PBXBuildFile; fileRef = BAC38C572135361E007A2F91 /* GetStartedViewController.swift */; };
		BAC38C5A21358155007A2F91 /* HomeContent.swift in Sources */ = {isa = PBXBuildFile; fileRef = BAC38C5921358155007A2F91 /* HomeContent.swift */; };
		BAC38C5C2135DEAB007A2F91 /* ChartViewController.swift in Sources */ = {isa = PBXBuildFile; fileRef = BAC38C5B2135DEAB007A2F91 /* ChartViewController.swift */; };
		BAC38C5E2135DEB7007A2F91 /* ImmunizationViewController.swift in Sources */ = {isa = PBXBuildFile; fileRef = BAC38C5D2135DEB7007A2F91 /* ImmunizationViewController.swift */; };
		BAC38C602135DEC4007A2F91 /* MedicalRecordViewController.swift in Sources */ = {isa = PBXBuildFile; fileRef = BAC38C5F2135DEC4007A2F91 /* MedicalRecordViewController.swift */; };
		BAC630B22134710100B81C69 /* BabyCollectionViewCell.swift in Sources */ = {isa = PBXBuildFile; fileRef = BAC630B12134710100B81C69 /* BabyCollectionViewCell.swift */; };
		BAC630B42134710C00B81C69 /* WifeCollectionViewCell.swift in Sources */ = {isa = PBXBuildFile; fileRef = BAC630B32134710C00B81C69 /* WifeCollectionViewCell.swift */; };
		BAC630B62134801400B81C69 /* HomeContentDetailViewController.swift in Sources */ = {isa = PBXBuildFile; fileRef = BAC630B52134801400B81C69 /* HomeContentDetailViewController.swift */; };
/* End PBXBuildFile section */

/* Begin PBXFileReference section */
		062280EA38180DFDD7214973 /* Pods-Aysi.release.xcconfig */ = {isa = PBXFileReference; includeInIndex = 1; lastKnownFileType = text.xcconfig; name = "Pods-Aysi.release.xcconfig"; path = "Pods/Target Support Files/Pods-Aysi/Pods-Aysi.release.xcconfig"; sourceTree = "<group>"; };
		0B812A14B6A795B18C4300ED /* Pods-Aysi.debug.xcconfig */ = {isa = PBXFileReference; includeInIndex = 1; lastKnownFileType = text.xcconfig; name = "Pods-Aysi.debug.xcconfig"; path = "Pods/Target Support Files/Pods-Aysi/Pods-Aysi.debug.xcconfig"; sourceTree = "<group>"; };
		37AC88A84DFA86BACE0E869D /* Pods_Aysi.framework */ = {isa = PBXFileReference; explicitFileType = wrapper.framework; includeInIndex = 0; path = Pods_Aysi.framework; sourceTree = BUILT_PRODUCTS_DIR; };
		89DD636F2132AE5C0038DC5E /* AccountSettings.storyboard */ = {isa = PBXFileReference; fileEncoding = 4; lastKnownFileType = file.storyboard; path = AccountSettings.storyboard; sourceTree = "<group>"; };
		89DD63712132B3530038DC5E /* AccountSettingsTableViewController.swift */ = {isa = PBXFileReference; lastKnownFileType = sourcecode.swift; path = AccountSettingsTableViewController.swift; sourceTree = "<group>"; };
		89DD63732132D22B0038DC5E /* NotificationController.swift */ = {isa = PBXFileReference; lastKnownFileType = sourcecode.swift; path = NotificationController.swift; sourceTree = "<group>"; };
		BA4BEC3B212ACB0600509456 /* GoogleService-Info.plist */ = {isa = PBXFileReference; fileEncoding = 4; lastKnownFileType = text.plist.xml; path = "GoogleService-Info.plist"; sourceTree = "<group>"; };
		BA7A90F5213676EE00BDE154 /* HowTo.storyboard */ = {isa = PBXFileReference; fileEncoding = 4; lastKnownFileType = file.storyboard; path = HowTo.storyboard; sourceTree = "<group>"; };
		BA7A90F72136776300BDE154 /* ContentDetailViewController.swift */ = {isa = PBXFileReference; fileEncoding = 4; lastKnownFileType = sourcecode.swift; path = ContentDetailViewController.swift; sourceTree = "<group>"; };
		BA7A90F82136776300BDE154 /* ContentDetailPageViewController.swift */ = {isa = PBXFileReference; fileEncoding = 4; lastKnownFileType = sourcecode.swift; path = ContentDetailPageViewController.swift; sourceTree = "<group>"; };
		BA7A90F92136776300BDE154 /* ContentDetailImageViewController.swift */ = {isa = PBXFileReference; fileEncoding = 4; lastKnownFileType = sourcecode.swift; path = ContentDetailImageViewController.swift; sourceTree = "<group>"; };
		BA7A90FA2136776400BDE154 /* ViewController.swift */ = {isa = PBXFileReference; fileEncoding = 4; lastKnownFileType = sourcecode.swift; path = ViewController.swift; sourceTree = "<group>"; };
		BA7A91022136780400BDE154 /* CollectionViewCell.swift */ = {isa = PBXFileReference; fileEncoding = 4; lastKnownFileType = sourcecode.swift; path = CollectionViewCell.swift; sourceTree = "<group>"; };
		BA7A91032136780400BDE154 /* TableViewCell.swift */ = {isa = PBXFileReference; fileEncoding = 4; lastKnownFileType = sourcecode.swift; path = TableViewCell.swift; sourceTree = "<group>"; };
		BA7A91062136781B00BDE154 /* ContentImages.swift */ = {isa = PBXFileReference; fileEncoding = 4; lastKnownFileType = sourcecode.swift; path = ContentImages.swift; sourceTree = "<group>"; };
		BA7A91072136781C00BDE154 /* HowToObject.swift */ = {isa = PBXFileReference; fileEncoding = 4; lastKnownFileType = sourcecode.swift; path = HowToObject.swift; sourceTree = "<group>"; };
		BA7A910A2137355100BDE154 /* MedicalRecordInitialViewController.swift */ = {isa = PBXFileReference; lastKnownFileType = sourcecode.swift; path = MedicalRecordInitialViewController.swift; sourceTree = "<group>"; };
		BA7C8FA8213420EB004F395D /* TipsPageViewController.swift */ = {isa = PBXFileReference; lastKnownFileType = sourcecode.swift; path = TipsPageViewController.swift; sourceTree = "<group>"; };
		BA7C8FAA21342161004F395D /* TipsViewController.swift */ = {isa = PBXFileReference; lastKnownFileType = sourcecode.swift; path = TipsViewController.swift; sourceTree = "<group>"; };
		BA9D3A6A2122CA5F000BE8A4 /* Home.storyboard */ = {isa = PBXFileReference; lastKnownFileType = file.storyboard; path = Home.storyboard; sourceTree = "<group>"; };
		BA9D3A6C2122CA6D000BE8A4 /* Chart.storyboard */ = {isa = PBXFileReference; lastKnownFileType = file.storyboard; path = Chart.storyboard; sourceTree = "<group>"; };
		BA9D3A6E2122CB0A000BE8A4 /* Immunization.storyboard */ = {isa = PBXFileReference; lastKnownFileType = file.storyboard; path = Immunization.storyboard; sourceTree = "<group>"; };
		BA9D3A702122CB1D000BE8A4 /* MedicalRecord.storyboard */ = {isa = PBXFileReference; lastKnownFileType = file.storyboard; path = MedicalRecord.storyboard; sourceTree = "<group>"; };
		BAA4B02E2122C5E4001BE550 /* Aysi.app */ = {isa = PBXFileReference; explicitFileType = wrapper.application; includeInIndex = 0; path = Aysi.app; sourceTree = BUILT_PRODUCTS_DIR; };
		BAA4B0312122C5E4001BE550 /* AppDelegate.swift */ = {isa = PBXFileReference; lastKnownFileType = sourcecode.swift; path = AppDelegate.swift; sourceTree = "<group>"; };
		BAA4B0362122C5E4001BE550 /* Base */ = {isa = PBXFileReference; lastKnownFileType = file.storyboard; name = Base; path = Base.lproj/Main.storyboard; sourceTree = "<group>"; };
		BAA4B0392122C5E4001BE550 /* Aysi.xcdatamodel */ = {isa = PBXFileReference; lastKnownFileType = wrapper.xcdatamodel; path = Aysi.xcdatamodel; sourceTree = "<group>"; };
		BAA4B03B2122C5E6001BE550 /* Assets.xcassets */ = {isa = PBXFileReference; lastKnownFileType = folder.assetcatalog; path = Assets.xcassets; sourceTree = "<group>"; };
		BAA4B03E2122C5E6001BE550 /* Base */ = {isa = PBXFileReference; lastKnownFileType = file.storyboard; name = Base; path = Base.lproj/LaunchScreen.storyboard; sourceTree = "<group>"; };
		BAA4B0402122C5E6001BE550 /* Info.plist */ = {isa = PBXFileReference; lastKnownFileType = text.plist.xml; path = Info.plist; sourceTree = "<group>"; };
		BAB59CA021328FAB001581F1 /* InitialRegister.storyboard */ = {isa = PBXFileReference; fileEncoding = 4; lastKnownFileType = file.storyboard; path = InitialRegister.storyboard; sourceTree = "<group>"; };
		BAB59CA121328FAB001581F1 /* DataBayi.storyboard */ = {isa = PBXFileReference; fileEncoding = 4; lastKnownFileType = file.storyboard; path = DataBayi.storyboard; sourceTree = "<group>"; };
		BAB59CA421328FE8001581F1 /* DataBayiViewController.swift */ = {isa = PBXFileReference; fileEncoding = 4; lastKnownFileType = sourcecode.swift; path = DataBayiViewController.swift; sourceTree = "<group>"; };
		BAB59CA521328FE8001581F1 /* HomeViewController.swift */ = {isa = PBXFileReference; fileEncoding = 4; lastKnownFileType = sourcecode.swift; path = HomeViewController.swift; sourceTree = "<group>"; };
		BAB59CA621328FE8001581F1 /* InitialRegisterViewController.swift */ = {isa = PBXFileReference; fileEncoding = 4; lastKnownFileType = sourcecode.swift; path = InitialRegisterViewController.swift; sourceTree = "<group>"; };
		BAC38C5521350C95007A2F91 /* GetStarted.storyboard */ = {isa = PBXFileReference; lastKnownFileType = file.storyboard; path = GetStarted.storyboard; sourceTree = "<group>"; };
		BAC38C572135361E007A2F91 /* GetStartedViewController.swift */ = {isa = PBXFileReference; lastKnownFileType = sourcecode.swift; path = GetStartedViewController.swift; sourceTree = "<group>"; };
		BAC38C5921358155007A2F91 /* HomeContent.swift */ = {isa = PBXFileReference; lastKnownFileType = sourcecode.swift; name = HomeContent.swift; path = Aysi/Controller/HomeContent.swift; sourceTree = SOURCE_ROOT; };
		BAC38C5B2135DEAB007A2F91 /* ChartViewController.swift */ = {isa = PBXFileReference; lastKnownFileType = sourcecode.swift; path = ChartViewController.swift; sourceTree = "<group>"; };
		BAC38C5D2135DEB7007A2F91 /* ImmunizationViewController.swift */ = {isa = PBXFileReference; lastKnownFileType = sourcecode.swift; path = ImmunizationViewController.swift; sourceTree = "<group>"; };
		BAC38C5F2135DEC4007A2F91 /* MedicalRecordViewController.swift */ = {isa = PBXFileReference; lastKnownFileType = sourcecode.swift; path = MedicalRecordViewController.swift; sourceTree = "<group>"; };
		BAC630B12134710100B81C69 /* BabyCollectionViewCell.swift */ = {isa = PBXFileReference; lastKnownFileType = sourcecode.swift; path = BabyCollectionViewCell.swift; sourceTree = "<group>"; };
		BAC630B32134710C00B81C69 /* WifeCollectionViewCell.swift */ = {isa = PBXFileReference; lastKnownFileType = sourcecode.swift; path = WifeCollectionViewCell.swift; sourceTree = "<group>"; };
		BAC630B52134801400B81C69 /* HomeContentDetailViewController.swift */ = {isa = PBXFileReference; lastKnownFileType = sourcecode.swift; path = HomeContentDetailViewController.swift; sourceTree = "<group>"; };
/* End PBXFileReference section */

/* Begin PBXFrameworksBuildPhase section */
		BAA4B02B2122C5E4001BE550 /* Frameworks */ = {
			isa = PBXFrameworksBuildPhase;
			buildActionMask = 2147483647;
			files = (
				9708BDB3DA2AD867CE3FEBD5 /* Pods_Aysi.framework in Frameworks */,
			);
			runOnlyForDeploymentPostprocessing = 0;
		};
/* End PBXFrameworksBuildPhase section */

/* Begin PBXGroup section */
		01DC19C3835386E804586798 /* Pods */ = {
			isa = PBXGroup;
			children = (
				0B812A14B6A795B18C4300ED /* Pods-Aysi.debug.xcconfig */,
				062280EA38180DFDD7214973 /* Pods-Aysi.release.xcconfig */,
			);
			name = Pods;
			sourceTree = "<group>";
		};
		7058B18FDA3606C3C0005792 /* Frameworks */ = {
			isa = PBXGroup;
			children = (
				37AC88A84DFA86BACE0E869D /* Pods_Aysi.framework */,
			);
			name = Frameworks;
			sourceTree = "<group>";
		};
		BA7A90FF2136777500BDE154 /* How To */ = {
			isa = PBXGroup;
			children = (
				BA7A91022136780400BDE154 /* CollectionViewCell.swift */,
				BA7A91032136780400BDE154 /* TableViewCell.swift */,
				BA7A90F92136776300BDE154 /* ContentDetailImageViewController.swift */,
				BA7A90F82136776300BDE154 /* ContentDetailPageViewController.swift */,
				BA7A90F72136776300BDE154 /* ContentDetailViewController.swift */,
				BA7A90FA2136776400BDE154 /* ViewController.swift */,
			);
			path = "How To";
			sourceTree = "<group>";
		};
		BA7A91002136778A00BDE154 /* Home Collection View */ = {
			isa = PBXGroup;
			children = (
				BAC630B12134710100B81C69 /* BabyCollectionViewCell.swift */,
				BAC630B32134710C00B81C69 /* WifeCollectionViewCell.swift */,
				BAC630B52134801400B81C69 /* HomeContentDetailViewController.swift */,
			);
			path = "Home Collection View";
			sourceTree = "<group>";
		};
		BA7A9101213677B800BDE154 /* Tips */ = {
			isa = PBXGroup;
			children = (
				BA7C8FA8213420EB004F395D /* TipsPageViewController.swift */,
				BA7C8FAA21342161004F395D /* TipsViewController.swift */,
			);
			path = Tips;
			sourceTree = "<group>";
		};
		BAA4B0252122C5E4001BE550 = {
			isa = PBXGroup;
			children = (
				BAA4B0302122C5E4001BE550 /* Aysi */,
				BAA4B02F2122C5E4001BE550 /* Products */,
				01DC19C3835386E804586798 /* Pods */,
				7058B18FDA3606C3C0005792 /* Frameworks */,
			);
			sourceTree = "<group>";
		};
		BAA4B02F2122C5E4001BE550 /* Products */ = {
			isa = PBXGroup;
			children = (
				BAA4B02E2122C5E4001BE550 /* Aysi.app */,
			);
			name = Products;
			sourceTree = "<group>";
		};
		BAA4B0302122C5E4001BE550 /* Aysi */ = {
			isa = PBXGroup;
			children = (
				BAA4B0462122C66B001BE550 /* Model */,
				BAA4B0482122C679001BE550 /* View */,
				BAA4B0492122C67D001BE550 /* Controller */,
				BAA4B04A2122C685001BE550 /* Additional */,
				BAA4B0402122C5E6001BE550 /* Info.plist */,
				BA4BEC3B212ACB0600509456 /* GoogleService-Info.plist */,
				BAA4B0382122C5E4001BE550 /* Aysi.xcdatamodeld */,
			);
			path = Aysi;
			sourceTree = "<group>";
		};
		BAA4B0462122C66B001BE550 /* Model */ = {
			isa = PBXGroup;
			children = (
				BA7A91062136781B00BDE154 /* ContentImages.swift */,
				BA7A91072136781C00BDE154 /* HowToObject.swift */,
				BAC38C5921358155007A2F91 /* HomeContent.swift */,
			);
			path = Model;
			sourceTree = "<group>";
		};
		BAA4B0482122C679001BE550 /* View */ = {
			isa = PBXGroup;
			children = (
				BAC38C5521350C95007A2F91 /* GetStarted.storyboard */,
				BAB59CA021328FAB001581F1 /* InitialRegister.storyboard */,
				BAB59CA121328FAB001581F1 /* DataBayi.storyboard */,
				BAA4B0352122C5E4001BE550 /* Main.storyboard */,
				BA9D3A6A2122CA5F000BE8A4 /* Home.storyboard */,
				BA7A90F5213676EE00BDE154 /* HowTo.storyboard */,
				89DD636F2132AE5C0038DC5E /* AccountSettings.storyboard */,
				BA9D3A6C2122CA6D000BE8A4 /* Chart.storyboard */,
				BA9D3A6E2122CB0A000BE8A4 /* Immunization.storyboard */,
				BA9D3A702122CB1D000BE8A4 /* MedicalRecord.storyboard */,
				BAA4B03D2122C5E6001BE550 /* LaunchScreen.storyboard */,
			);
			path = View;
			sourceTree = "<group>";
		};
		BAA4B0492122C67D001BE550 /* Controller */ = {
			isa = PBXGroup;
			children = (
				BA7A9101213677B800BDE154 /* Tips */,
				BA7A91002136778A00BDE154 /* Home Collection View */,
				BA7A90FF2136777500BDE154 /* How To */,
				BAC38C572135361E007A2F91 /* GetStartedViewController.swift */,
				BAB59CA621328FE8001581F1 /* InitialRegisterViewController.swift */,
				BAB59CA421328FE8001581F1 /* DataBayiViewController.swift */,
				BAB59CA521328FE8001581F1 /* HomeViewController.swift */,
				89DD63712132B3530038DC5E /* AccountSettingsTableViewController.swift */,
				89DD63732132D22B0038DC5E /* NotificationController.swift */,
				BAC38C5B2135DEAB007A2F91 /* ChartViewController.swift */,
				BAC38C5D2135DEB7007A2F91 /* ImmunizationViewController.swift */,
				BA7A910A2137355100BDE154 /* MedicalRecordInitialViewController.swift */,
				BAC38C5F2135DEC4007A2F91 /* MedicalRecordViewController.swift */,
			);
			path = Controller;
			sourceTree = "<group>";
		};
		BAA4B04A2122C685001BE550 /* Additional */ = {
			isa = PBXGroup;
			children = (
				BAA4B03B2122C5E6001BE550 /* Assets.xcassets */,
				BAA4B0312122C5E4001BE550 /* AppDelegate.swift */,
			);
			path = Additional;
			sourceTree = "<group>";
		};
/* End PBXGroup section */

/* Begin PBXNativeTarget section */
		BAA4B02D2122C5E4001BE550 /* Aysi */ = {
			isa = PBXNativeTarget;
			buildConfigurationList = BAA4B0432122C5E6001BE550 /* Build configuration list for PBXNativeTarget "Aysi" */;
			buildPhases = (
				2AA97799E9327620A0B50572 /* [CP] Check Pods Manifest.lock */,
				BAA4B02A2122C5E4001BE550 /* Sources */,
				BAA4B02B2122C5E4001BE550 /* Frameworks */,
				BAA4B02C2122C5E4001BE550 /* Resources */,
				5C30B0CA3E45904CC96E7D5F /* [CP] Embed Pods Frameworks */,
			);
			buildRules = (
			);
			dependencies = (
			);
			name = Aysi;
			productName = Aysi;
			productReference = BAA4B02E2122C5E4001BE550 /* Aysi.app */;
			productType = "com.apple.product-type.application";
		};
/* End PBXNativeTarget section */

/* Begin PBXProject section */
		BAA4B0262122C5E4001BE550 /* Project object */ = {
			isa = PBXProject;
			attributes = {
				LastSwiftUpdateCheck = 0940;
				LastUpgradeCheck = 0940;
				ORGANIZATIONNAME = "Ferlix Yanto Wang";
				TargetAttributes = {
					BAA4B02D2122C5E4001BE550 = {
						CreatedOnToolsVersion = 9.4.1;
					};
				};
			};
			buildConfigurationList = BAA4B0292122C5E4001BE550 /* Build configuration list for PBXProject "Aysi" */;
			compatibilityVersion = "Xcode 9.3";
			developmentRegion = en;
			hasScannedForEncodings = 0;
			knownRegions = (
				en,
				Base,
			);
			mainGroup = BAA4B0252122C5E4001BE550;
			productRefGroup = BAA4B02F2122C5E4001BE550 /* Products */;
			projectDirPath = "";
			projectRoot = "";
			targets = (
				BAA4B02D2122C5E4001BE550 /* Aysi */,
			);
		};
/* End PBXProject section */

/* Begin PBXResourcesBuildPhase section */
		BAA4B02C2122C5E4001BE550 /* Resources */ = {
			isa = PBXResourcesBuildPhase;
			buildActionMask = 2147483647;
			files = (
				BAA4B03F2122C5E6001BE550 /* LaunchScreen.storyboard in Resources */,
				BAA4B03C2122C5E6001BE550 /* Assets.xcassets in Resources */,
				BAB59CA221328FAB001581F1 /* InitialRegister.storyboard in Resources */,
				BA9D3A6D2122CA6D000BE8A4 /* Chart.storyboard in Resources */,
				BA7A90F6213676EE00BDE154 /* HowTo.storyboard in Resources */,
				BAA4B0372122C5E4001BE550 /* Main.storyboard in Resources */,
				BA9D3A6F2122CB0A000BE8A4 /* Immunization.storyboard in Resources */,
				BAB59CA321328FAB001581F1 /* DataBayi.storyboard in Resources */,
				89DD63702132AE5C0038DC5E /* AccountSettings.storyboard in Resources */,
				BA9D3A6B2122CA5F000BE8A4 /* Home.storyboard in Resources */,
				BA9D3A712122CB1D000BE8A4 /* MedicalRecord.storyboard in Resources */,
				BA4BEC3C212ACB0600509456 /* GoogleService-Info.plist in Resources */,
				BAC38C5621350C95007A2F91 /* GetStarted.storyboard in Resources */,
			);
			runOnlyForDeploymentPostprocessing = 0;
		};
/* End PBXResourcesBuildPhase section */

/* Begin PBXShellScriptBuildPhase section */
		2AA97799E9327620A0B50572 /* [CP] Check Pods Manifest.lock */ = {
			isa = PBXShellScriptBuildPhase;
			buildActionMask = 2147483647;
			files = (
			);
			inputPaths = (
				"${PODS_PODFILE_DIR_PATH}/Podfile.lock",
				"${PODS_ROOT}/Manifest.lock",
			);
			name = "[CP] Check Pods Manifest.lock";
			outputPaths = (
				"$(DERIVED_FILE_DIR)/Pods-Aysi-checkManifestLockResult.txt",
			);
			runOnlyForDeploymentPostprocessing = 0;
			shellPath = /bin/sh;
			shellScript = "diff \"${PODS_PODFILE_DIR_PATH}/Podfile.lock\" \"${PODS_ROOT}/Manifest.lock\" > /dev/null\nif [ $? != 0 ] ; then\n    # print error to STDERR\n    echo \"error: The sandbox is not in sync with the Podfile.lock. Run 'pod install' or update your CocoaPods installation.\" >&2\n    exit 1\nfi\n# This output is used by Xcode 'outputs' to avoid re-running this script phase.\necho \"SUCCESS\" > \"${SCRIPT_OUTPUT_FILE_0}\"\n";
			showEnvVarsInLog = 0;
		};
		5C30B0CA3E45904CC96E7D5F /* [CP] Embed Pods Frameworks */ = {
			isa = PBXShellScriptBuildPhase;
			buildActionMask = 2147483647;
			files = (
			);
			inputPaths = (
				"${SRCROOT}/Pods/Target Support Files/Pods-Aysi/Pods-Aysi-frameworks.sh",
				"${BUILT_PRODUCTS_DIR}/GTMSessionFetcher/GTMSessionFetcher.framework",
				"${BUILT_PRODUCTS_DIR}/GoogleUtilities/GoogleUtilities.framework",
				"${BUILT_PRODUCTS_DIR}/leveldb-library/leveldb.framework",
				"${BUILT_PRODUCTS_DIR}/nanopb/nanopb.framework",
			);
			name = "[CP] Embed Pods Frameworks";
			outputPaths = (
				"${TARGET_BUILD_DIR}/${FRAMEWORKS_FOLDER_PATH}/GTMSessionFetcher.framework",
				"${TARGET_BUILD_DIR}/${FRAMEWORKS_FOLDER_PATH}/GoogleUtilities.framework",
				"${TARGET_BUILD_DIR}/${FRAMEWORKS_FOLDER_PATH}/leveldb.framework",
				"${TARGET_BUILD_DIR}/${FRAMEWORKS_FOLDER_PATH}/nanopb.framework",
			);
			runOnlyForDeploymentPostprocessing = 0;
			shellPath = /bin/sh;
			shellScript = "\"${SRCROOT}/Pods/Target Support Files/Pods-Aysi/Pods-Aysi-frameworks.sh\"\n";
			showEnvVarsInLog = 0;
		};
/* End PBXShellScriptBuildPhase section */

/* Begin PBXSourcesBuildPhase section */
		BAA4B02A2122C5E4001BE550 /* Sources */ = {
			isa = PBXSourcesBuildPhase;
			buildActionMask = 2147483647;
			files = (
				BAC38C602135DEC4007A2F91 /* MedicalRecordViewController.swift in Sources */,
				BAC38C5A21358155007A2F91 /* HomeContent.swift in Sources */,
				BAC38C582135361E007A2F91 /* GetStartedViewController.swift in Sources */,
				BA7A90FB2136776400BDE154 /* ContentDetailViewController.swift in Sources */,
				89DD63722132B3530038DC5E /* AccountSettingsTableViewController.swift in Sources */,
				BAB59CA921328FE9001581F1 /* InitialRegisterViewController.swift in Sources */,
				BAC630B22134710100B81C69 /* BabyCollectionViewCell.swift in Sources */,
				BAC630B62134801400B81C69 /* HomeContentDetailViewController.swift in Sources */,
				BAC630B42134710C00B81C69 /* WifeCollectionViewCell.swift in Sources */,
				BAB59CA821328FE9001581F1 /* HomeViewController.swift in Sources */,
				BA7A91042136780400BDE154 /* CollectionViewCell.swift in Sources */,
				BA7A90FC2136776400BDE154 /* ContentDetailPageViewController.swift in Sources */,
				BA7C8FA9213420EB004F395D /* TipsPageViewController.swift in Sources */,
				89DD63742132D22B0038DC5E /* NotificationController.swift in Sources */,
				BA7A910B2137355100BDE154 /* MedicalRecordInitialViewController.swift in Sources */,
				BA7C8FAB21342161004F395D /* TipsViewController.swift in Sources */,
				BAB59CA721328FE9001581F1 /* DataBayiViewController.swift in Sources */,
				BAC38C5E2135DEB7007A2F91 /* ImmunizationViewController.swift in Sources */,
				BA7A91092136781C00BDE154 /* HowToObject.swift in Sources */,
				BAA4B0322122C5E4001BE550 /* AppDelegate.swift in Sources */,
				BA7A90FD2136776400BDE154 /* ContentDetailImageViewController.swift in Sources */,
				BA7A90FE2136776400BDE154 /* ViewController.swift in Sources */,
				BAA4B03A2122C5E4001BE550 /* Aysi.xcdatamodeld in Sources */,
				BAC38C5C2135DEAB007A2F91 /* ChartViewController.swift in Sources */,
				BA7A91052136780400BDE154 /* TableViewCell.swift in Sources */,
				BA7A91082136781C00BDE154 /* ContentImages.swift in Sources */,
			);
			runOnlyForDeploymentPostprocessing = 0;
		};
/* End PBXSourcesBuildPhase section */

/* Begin PBXVariantGroup section */
		BAA4B0352122C5E4001BE550 /* Main.storyboard */ = {
			isa = PBXVariantGroup;
			children = (
				BAA4B0362122C5E4001BE550 /* Base */,
			);
			name = Main.storyboard;
			sourceTree = "<group>";
		};
		BAA4B03D2122C5E6001BE550 /* LaunchScreen.storyboard */ = {
			isa = PBXVariantGroup;
			children = (
				BAA4B03E2122C5E6001BE550 /* Base */,
			);
			name = LaunchScreen.storyboard;
			sourceTree = "<group>";
		};
/* End PBXVariantGroup section */

/* Begin XCBuildConfiguration section */
		BAA4B0412122C5E6001BE550 /* Debug */ = {
			isa = XCBuildConfiguration;
			buildSettings = {
				ALWAYS_SEARCH_USER_PATHS = NO;
				CLANG_ANALYZER_NONNULL = YES;
				CLANG_ANALYZER_NUMBER_OBJECT_CONVERSION = YES_AGGRESSIVE;
				CLANG_CXX_LANGUAGE_STANDARD = "gnu++14";
				CLANG_CXX_LIBRARY = "libc++";
				CLANG_ENABLE_MODULES = YES;
				CLANG_ENABLE_OBJC_ARC = YES;
				CLANG_ENABLE_OBJC_WEAK = YES;
				CLANG_WARN_BLOCK_CAPTURE_AUTORELEASING = YES;
				CLANG_WARN_BOOL_CONVERSION = YES;
				CLANG_WARN_COMMA = YES;
				CLANG_WARN_CONSTANT_CONVERSION = YES;
				CLANG_WARN_DEPRECATED_OBJC_IMPLEMENTATIONS = YES;
				CLANG_WARN_DIRECT_OBJC_ISA_USAGE = YES_ERROR;
				CLANG_WARN_DOCUMENTATION_COMMENTS = YES;
				CLANG_WARN_EMPTY_BODY = YES;
				CLANG_WARN_ENUM_CONVERSION = YES;
				CLANG_WARN_INFINITE_RECURSION = YES;
				CLANG_WARN_INT_CONVERSION = YES;
				CLANG_WARN_NON_LITERAL_NULL_CONVERSION = YES;
				CLANG_WARN_OBJC_IMPLICIT_RETAIN_SELF = YES;
				CLANG_WARN_OBJC_LITERAL_CONVERSION = YES;
				CLANG_WARN_OBJC_ROOT_CLASS = YES_ERROR;
				CLANG_WARN_RANGE_LOOP_ANALYSIS = YES;
				CLANG_WARN_STRICT_PROTOTYPES = YES;
				CLANG_WARN_SUSPICIOUS_MOVE = YES;
				CLANG_WARN_UNGUARDED_AVAILABILITY = YES_AGGRESSIVE;
				CLANG_WARN_UNREACHABLE_CODE = YES;
				CLANG_WARN__DUPLICATE_METHOD_MATCH = YES;
				CODE_SIGN_IDENTITY = "iPhone Developer";
				COPY_PHASE_STRIP = NO;
				DEBUG_INFORMATION_FORMAT = dwarf;
				ENABLE_STRICT_OBJC_MSGSEND = YES;
				ENABLE_TESTABILITY = YES;
				GCC_C_LANGUAGE_STANDARD = gnu11;
				GCC_DYNAMIC_NO_PIC = NO;
				GCC_NO_COMMON_BLOCKS = YES;
				GCC_OPTIMIZATION_LEVEL = 0;
				GCC_PREPROCESSOR_DEFINITIONS = (
					"DEBUG=1",
					"$(inherited)",
				);
				GCC_WARN_64_TO_32_BIT_CONVERSION = YES;
				GCC_WARN_ABOUT_RETURN_TYPE = YES_ERROR;
				GCC_WARN_UNDECLARED_SELECTOR = YES;
				GCC_WARN_UNINITIALIZED_AUTOS = YES_AGGRESSIVE;
				GCC_WARN_UNUSED_FUNCTION = YES;
				GCC_WARN_UNUSED_VARIABLE = YES;
				IPHONEOS_DEPLOYMENT_TARGET = 11.4;
				MTL_ENABLE_DEBUG_INFO = YES;
				ONLY_ACTIVE_ARCH = YES;
				SDKROOT = iphoneos;
				SWIFT_ACTIVE_COMPILATION_CONDITIONS = DEBUG;
				SWIFT_OPTIMIZATION_LEVEL = "-Onone";
			};
			name = Debug;
		};
		BAA4B0422122C5E6001BE550 /* Release */ = {
			isa = XCBuildConfiguration;
			buildSettings = {
				ALWAYS_SEARCH_USER_PATHS = NO;
				CLANG_ANALYZER_NONNULL = YES;
				CLANG_ANALYZER_NUMBER_OBJECT_CONVERSION = YES_AGGRESSIVE;
				CLANG_CXX_LANGUAGE_STANDARD = "gnu++14";
				CLANG_CXX_LIBRARY = "libc++";
				CLANG_ENABLE_MODULES = YES;
				CLANG_ENABLE_OBJC_ARC = YES;
				CLANG_ENABLE_OBJC_WEAK = YES;
				CLANG_WARN_BLOCK_CAPTURE_AUTORELEASING = YES;
				CLANG_WARN_BOOL_CONVERSION = YES;
				CLANG_WARN_COMMA = YES;
				CLANG_WARN_CONSTANT_CONVERSION = YES;
				CLANG_WARN_DEPRECATED_OBJC_IMPLEMENTATIONS = YES;
				CLANG_WARN_DIRECT_OBJC_ISA_USAGE = YES_ERROR;
				CLANG_WARN_DOCUMENTATION_COMMENTS = YES;
				CLANG_WARN_EMPTY_BODY = YES;
				CLANG_WARN_ENUM_CONVERSION = YES;
				CLANG_WARN_INFINITE_RECURSION = YES;
				CLANG_WARN_INT_CONVERSION = YES;
				CLANG_WARN_NON_LITERAL_NULL_CONVERSION = YES;
				CLANG_WARN_OBJC_IMPLICIT_RETAIN_SELF = YES;
				CLANG_WARN_OBJC_LITERAL_CONVERSION = YES;
				CLANG_WARN_OBJC_ROOT_CLASS = YES_ERROR;
				CLANG_WARN_RANGE_LOOP_ANALYSIS = YES;
				CLANG_WARN_STRICT_PROTOTYPES = YES;
				CLANG_WARN_SUSPICIOUS_MOVE = YES;
				CLANG_WARN_UNGUARDED_AVAILABILITY = YES_AGGRESSIVE;
				CLANG_WARN_UNREACHABLE_CODE = YES;
				CLANG_WARN__DUPLICATE_METHOD_MATCH = YES;
				CODE_SIGN_IDENTITY = "iPhone Developer";
				COPY_PHASE_STRIP = NO;
				DEBUG_INFORMATION_FORMAT = "dwarf-with-dsym";
				ENABLE_NS_ASSERTIONS = NO;
				ENABLE_STRICT_OBJC_MSGSEND = YES;
				GCC_C_LANGUAGE_STANDARD = gnu11;
				GCC_NO_COMMON_BLOCKS = YES;
				GCC_WARN_64_TO_32_BIT_CONVERSION = YES;
				GCC_WARN_ABOUT_RETURN_TYPE = YES_ERROR;
				GCC_WARN_UNDECLARED_SELECTOR = YES;
				GCC_WARN_UNINITIALIZED_AUTOS = YES_AGGRESSIVE;
				GCC_WARN_UNUSED_FUNCTION = YES;
				GCC_WARN_UNUSED_VARIABLE = YES;
				IPHONEOS_DEPLOYMENT_TARGET = 11.4;
				MTL_ENABLE_DEBUG_INFO = NO;
				SDKROOT = iphoneos;
				SWIFT_COMPILATION_MODE = wholemodule;
				SWIFT_OPTIMIZATION_LEVEL = "-O";
				VALIDATE_PRODUCT = YES;
			};
			name = Release;
		};
		BAA4B0442122C5E6001BE550 /* Debug */ = {
			isa = XCBuildConfiguration;
			baseConfigurationReference = 0B812A14B6A795B18C4300ED /* Pods-Aysi.debug.xcconfig */;
			buildSettings = {
				ASSETCATALOG_COMPILER_APPICON_NAME = AppIcon;
				CODE_SIGN_STYLE = Automatic;
				DEVELOPMENT_TEAM = VX2M58CCM9;
				INFOPLIST_FILE = Aysi/Info.plist;
				LD_RUNPATH_SEARCH_PATHS = (
					"$(inherited)",
					"@executable_path/Frameworks",
				);
				PRODUCT_BUNDLE_IDENTIFIER = Ferlix.Aysi;
				PRODUCT_NAME = "$(TARGET_NAME)";
				SWIFT_VERSION = 4.0;
				TARGETED_DEVICE_FAMILY = "1,2";
			};
			name = Debug;
		};
		BAA4B0452122C5E6001BE550 /* Release */ = {
			isa = XCBuildConfiguration;
			baseConfigurationReference = 062280EA38180DFDD7214973 /* Pods-Aysi.release.xcconfig */;
			buildSettings = {
				ASSETCATALOG_COMPILER_APPICON_NAME = AppIcon;
				CODE_SIGN_STYLE = Automatic;
				DEVELOPMENT_TEAM = VX2M58CCM9;
				INFOPLIST_FILE = Aysi/Info.plist;
				LD_RUNPATH_SEARCH_PATHS = (
					"$(inherited)",
					"@executable_path/Frameworks",
				);
				PRODUCT_BUNDLE_IDENTIFIER = Ferlix.Aysi;
				PRODUCT_NAME = "$(TARGET_NAME)";
				SWIFT_VERSION = 4.0;
				TARGETED_DEVICE_FAMILY = "1,2";
			};
			name = Release;
		};
/* End XCBuildConfiguration section */

/* Begin XCConfigurationList section */
		BAA4B0292122C5E4001BE550 /* Build configuration list for PBXProject "Aysi" */ = {
			isa = XCConfigurationList;
			buildConfigurations = (
				BAA4B0412122C5E6001BE550 /* Debug */,
				BAA4B0422122C5E6001BE550 /* Release */,
			);
			defaultConfigurationIsVisible = 0;
			defaultConfigurationName = Release;
		};
		BAA4B0432122C5E6001BE550 /* Build configuration list for PBXNativeTarget "Aysi" */ = {
			isa = XCConfigurationList;
			buildConfigurations = (
				BAA4B0442122C5E6001BE550 /* Debug */,
				BAA4B0452122C5E6001BE550 /* Release */,
			);
			defaultConfigurationIsVisible = 0;
			defaultConfigurationName = Release;
		};
/* End XCConfigurationList section */

/* Begin XCVersionGroup section */
		BAA4B0382122C5E4001BE550 /* Aysi.xcdatamodeld */ = {
			isa = XCVersionGroup;
			children = (
				BAA4B0392122C5E4001BE550 /* Aysi.xcdatamodel */,
			);
			currentVersion = BAA4B0392122C5E4001BE550 /* Aysi.xcdatamodel */;
			path = Aysi.xcdatamodeld;
			sourceTree = "<group>";
			versionGroupType = wrapper.xcdatamodel;
		};
/* End XCVersionGroup section */
	};
	rootObject = BAA4B0262122C5E4001BE550 /* Project object */;
}
